
Microsoft Visual Studio Solution File, Format Version 12.00
# Visual Studio Version 17
VisualStudioVersion = 17.8.34330.188
MinimumVisualStudioVersion = 10.0.40219.1
Project("{9A19103F-16F7-4668-BE54-9A1E7A4F7556}") = "log-to-db-performance", "log-to-db-perfromance\log-to-db-performance.csproj", "{05942158-3571-42A0-90F0-BE276B231201}"
EndProject
Project("{9A19103F-16F7-4668-BE54-9A1E7A4F7556}") = "log-to-db-performance.Tests", "log-to-db-perfromance.Tests\log-to-db-performance.Tests.csproj", "{46C935DD-D47D-4CAD-8007-57660C1E6429}"
EndProject
Project("{9A19103F-16F7-4668-BE54-9A1E7A4F7556}") = "log-to-db-ef", "log-to-db-ef\log-to-db-ef.csproj", "{5F78C8A0-E8B3-43D3-A2D3-4890F08CCDBC}"
EndProject
Project("{9A19103F-16F7-4668-BE54-9A1E7A4F7556}") = "log-to-db-ef.Tests", "log-to-db-ef.Tests\log-to-db-ef.Tests.csproj", "{B8C2619E-072A-4981-AF83-6D5E4EA480C0}"
EndProject
Project("{9A19103F-16F7-4668-BE54-9A1E7A4F7556}") = "log-to-db-performance-functional", "log-to-db-performance-functional\log-to-db-performance-functional.csproj", "{85E4B8D3-B85B-469A-AA38-8AFD15887F0C}"
EndProject
Project("{9A19103F-16F7-4668-BE54-9A1E7A4F7556}") = "log-to-db-performance-functional.Tests", "log-to-db-performance-functional.Tests\log-to-db-performance-functional.Tests.csproj", "{9B12479E-B9F4-4C18-8D73-A2A57E429CC0}"
EndProject
Project("{9A19103F-16F7-4668-BE54-9A1E7A4F7556}") = "Common", "Common\Common.csproj", "{0B13BF21-B999-499C-90FB-31D150FEFF9B}"
EndProject
Project("{9A19103F-16F7-4668-BE54-9A1E7A4F7556}") = "Common.Tests", "Common.Tests\Common.Tests.csproj", "{A3C98DDE-334C-4F30-9A25-0F12071995B8}"
EndProject
Project("{FAE04EC0-301F-11D3-BF4B-00C04F79EFBC}") = "log-to-db-parsing", "log-to-db-parsing\log-to-db-parsing.csproj", "{B025C1A9-F3F8-49E4-B575-21B0C0C34047}"
EndProject
Global
	GlobalSection(SolutionConfigurationPlatforms) = preSolution
		Debug|Any CPU = Debug|Any CPU
		Release|Any CPU = Release|Any CPU
	EndGlobalSection
	GlobalSection(ProjectConfigurationPlatforms) = postSolution
		{05942158-3571-42A0-90F0-BE276B231201}.Debug|Any CPU.ActiveCfg = Debug|Any CPU
		{05942158-3571-42A0-90F0-BE276B231201}.Debug|Any CPU.Build.0 = Debug|Any CPU
		{05942158-3571-42A0-90F0-BE276B231201}.Release|Any CPU.ActiveCfg = Release|Any CPU
		{05942158-3571-42A0-90F0-BE276B231201}.Release|Any CPU.Build.0 = Release|Any CPU
		{46C935DD-D47D-4CAD-8007-57660C1E6429}.Debug|Any CPU.ActiveCfg = Debug|Any CPU
		{46C935DD-D47D-4CAD-8007-57660C1E6429}.Debug|Any CPU.Build.0 = Debug|Any CPU
		{46C935DD-D47D-4CAD-8007-57660C1E6429}.Release|Any CPU.ActiveCfg = Release|Any CPU
		{46C935DD-D47D-4CAD-8007-57660C1E6429}.Release|Any CPU.Build.0 = Release|Any CPU
		{5F78C8A0-E8B3-43D3-A2D3-4890F08CCDBC}.Debug|Any CPU.ActiveCfg = Debug|Any CPU
		{5F78C8A0-E8B3-43D3-A2D3-4890F08CCDBC}.Debug|Any CPU.Build.0 = Debug|Any CPU
		{5F78C8A0-E8B3-43D3-A2D3-4890F08CCDBC}.Release|Any CPU.ActiveCfg = Release|Any CPU
		{5F78C8A0-E8B3-43D3-A2D3-4890F08CCDBC}.Release|Any CPU.Build.0 = Release|Any CPU
		{B8C2619E-072A-4981-AF83-6D5E4EA480C0}.Debug|Any CPU.ActiveCfg = Debug|Any CPU
		{B8C2619E-072A-4981-AF83-6D5E4EA480C0}.Debug|Any CPU.Build.0 = Debug|Any CPU
		{B8C2619E-072A-4981-AF83-6D5E4EA480C0}.Release|Any CPU.ActiveCfg = Release|Any CPU
		{B8C2619E-072A-4981-AF83-6D5E4EA480C0}.Release|Any CPU.Build.0 = Release|Any CPU
		{85E4B8D3-B85B-469A-AA38-8AFD15887F0C}.Debug|Any CPU.ActiveCfg = Debug|Any CPU
		{85E4B8D3-B85B-469A-AA38-8AFD15887F0C}.Debug|Any CPU.Build.0 = Debug|Any CPU
		{85E4B8D3-B85B-469A-AA38-8AFD15887F0C}.Release|Any CPU.ActiveCfg = Release|Any CPU
		{85E4B8D3-B85B-469A-AA38-8AFD15887F0C}.Release|Any CPU.Build.0 = Release|Any CPU
		{9B12479E-B9F4-4C18-8D73-A2A57E429CC0}.Debug|Any CPU.ActiveCfg = Debug|Any CPU
		{9B12479E-B9F4-4C18-8D73-A2A57E429CC0}.Debug|Any CPU.Build.0 = Debug|Any CPU
		{9B12479E-B9F4-4C18-8D73-A2A57E429CC0}.Release|Any CPU.ActiveCfg = Release|Any CPU
		{9B12479E-B9F4-4C18-8D73-A2A57E429CC0}.Release|Any CPU.Build.0 = Release|Any CPU
		{0B13BF21-B999-499C-90FB-31D150FEFF9B}.Debug|Any CPU.ActiveCfg = Debug|Any CPU
		{0B13BF21-B999-499C-90FB-31D150FEFF9B}.Debug|Any CPU.Build.0 = Debug|Any CPU
		{0B13BF21-B999-499C-90FB-31D150FEFF9B}.Release|Any CPU.ActiveCfg = Release|Any CPU
		{0B13BF21-B999-499C-90FB-31D150FEFF9B}.Release|Any CPU.Build.0 = Release|Any CPU
		{A3C98DDE-334C-4F30-9A25-0F12071995B8}.Debug|Any CPU.ActiveCfg = Debug|Any CPU
		{A3C98DDE-334C-4F30-9A25-0F12071995B8}.Debug|Any CPU.Build.0 = Debug|Any CPU
		{A3C98DDE-334C-4F30-9A25-0F12071995B8}.Release|Any CPU.ActiveCfg = Release|Any CPU
		{A3C98DDE-334C-4F30-9A25-0F12071995B8}.Release|Any CPU.Build.0 = Release|Any CPU
		{B025C1A9-F3F8-49E4-B575-21B0C0C34047}.Debug|Any CPU.ActiveCfg = Debug|Any CPU
		{B025C1A9-F3F8-49E4-B575-21B0C0C34047}.Debug|Any CPU.Build.0 = Debug|Any CPU
		{B025C1A9-F3F8-49E4-B575-21B0C0C34047}.Release|Any CPU.ActiveCfg = Release|Any CPU
		{B025C1A9-F3F8-49E4-B575-21B0C0C34047}.Release|Any CPU.Build.0 = Release|Any CPU
	EndGlobalSection
	GlobalSection(SolutionProperties) = preSolution
		HideSolutionNode = FALSE
	EndGlobalSection
	GlobalSection(ExtensibilityGlobals) = postSolution
		SolutionGuid = {E6500F24-A95E-4632-913C-1848BB093642}
	EndGlobalSection
EndGlobal
